
Microsoft Visual Studio Solution File, Format Version 12.00
# Visual Studio Version 17
VisualStudioVersion = 17.14.36408.4 d17.14
MinimumVisualStudioVersion = 10.0.40219.1
Project("{FAE04EC0-301F-11D3-BF4B-00C04F79EFBC}") = "sqlConnectionn", "sqlConnectionn.csproj", "{4210B683-DC2E-45CE-BCE1-3A6CC536FAF0}"
EndProject
Global
	GlobalSection(SolutionConfigurationPlatforms) = preSolution
		Debug|Any CPU = Debug|Any CPU
		Release|Any CPU = Release|Any CPU
	EndGlobalSection
	GlobalSection(ProjectConfigurationPlatforms) = postSolution
		{4210B683-DC2E-45CE-BCE1-3A6CC536FAF0}.Debug|Any CPU.ActiveCfg = Debug|Any CPU
		{4210B683-DC2E-45CE-BCE1-3A6CC536FAF0}.Debug|Any CPU.Build.0 = Debug|Any CPU
		{4210B683-DC2E-45CE-BCE1-3A6CC536FAF0}.Release|Any CPU.ActiveCfg = Release|Any CPU
		{4210B683-DC2E-45CE-BCE1-3A6CC536FAF0}.Release|Any CPU.Build.0 = Release|Any CPU
	EndGlobalSection
	GlobalSection(SolutionProperties) = preSolution
		HideSolutionNode = FALSE
	EndGlobalSection
	GlobalSection(ExtensibilityGlobals) = postSolution
		SolutionGuid = {022F13D0-B868-4EB9-B455-F0054F0BB20F}
	EndGlobalSection
EndGlobal
